
Microsoft Visual Studio Solution File, Format Version 12.00
# Visual Studio 14
VisualStudioVersion = 14.0.25420.1
MinimumVisualStudioVersion = 10.0.40219.1
Project("{FAE04EC0-301F-11D3-BF4B-00C04F79EFBC}") = "BOMobile2.Android", "BOMobile2\BOMobile2.Android\BOMobile2.Android.csproj", "{ECBE08FB-F403-4BF8-990D-AC5E373E669F}"
EndProject
Project("{FAE04EC0-301F-11D3-BF4B-00C04F79EFBC}") = "BOMobile2", "BOMobile2\BOMobile2\BOMobile2.csproj", "{DAFEB7CF-E03D-47BE-93E8-6004770D7E84}"
EndProject
Project("{FAE04EC0-301F-11D3-BF4B-00C04F79EFBC}") = "BOMobile2.iOS", "BOMobile2\BOMobile2.iOS\BOMobile2.iOS.csproj", "{3DAF9975-B166-49F2-9DC2-238599FF863D}"
EndProject
Global
	GlobalSection(SolutionConfigurationPlatforms) = preSolution
		Ad-Hoc|Any CPU = Ad-Hoc|Any CPU
		Ad-Hoc|ARM = Ad-Hoc|ARM
		Ad-Hoc|iPhone = Ad-Hoc|iPhone
		Ad-Hoc|iPhoneSimulator = Ad-Hoc|iPhoneSimulator
		Ad-Hoc|x64 = Ad-Hoc|x64
		Ad-Hoc|x86 = Ad-Hoc|x86
		AppStore|Any CPU = AppStore|Any CPU
		AppStore|ARM = AppStore|ARM
		AppStore|iPhone = AppStore|iPhone
		AppStore|iPhoneSimulator = AppStore|iPhoneSimulator
		AppStore|x64 = AppStore|x64
		AppStore|x86 = AppStore|x86
		Debug|Any CPU = Debug|Any CPU
		Debug|ARM = Debug|ARM
		Debug|iPhone = Debug|iPhone
		Debug|iPhoneSimulator = Debug|iPhoneSimulator
		Debug|x64 = Debug|x64
		Debug|x86 = Debug|x86
		Release|Any CPU = Release|Any CPU
		Release|ARM = Release|ARM
		Release|iPhone = Release|iPhone
		Release|iPhoneSimulator = Release|iPhoneSimulator
		Release|x64 = Release|x64
		Release|x86 = Release|x86
	EndGlobalSection
	GlobalSection(ProjectConfigurationPlatforms) = postSolution
		{ECBE08FB-F403-4BF8-990D-AC5E373E669F}.Ad-Hoc|Any CPU.ActiveCfg = Release|Any CPU
		{ECBE08FB-F403-4BF8-990D-AC5E373E669F}.Ad-Hoc|Any CPU.Build.0 = Release|Any CPU
		{ECBE08FB-F403-4BF8-990D-AC5E373E669F}.Ad-Hoc|Any CPU.Deploy.0 = Release|Any CPU
		{ECBE08FB-F403-4BF8-990D-AC5E373E669F}.Ad-Hoc|ARM.ActiveCfg = Release|Any CPU
		{ECBE08FB-F403-4BF8-990D-AC5E373E669F}.Ad-Hoc|ARM.Build.0 = Release|Any CPU
		{ECBE08FB-F403-4BF8-990D-AC5E373E669F}.Ad-Hoc|ARM.Deploy.0 = Release|Any CPU
		{ECBE08FB-F403-4BF8-990D-AC5E373E669F}.Ad-Hoc|iPhone.ActiveCfg = Release|Any CPU
		{ECBE08FB-F403-4BF8-990D-AC5E373E669F}.Ad-Hoc|iPhone.Build.0 = Release|Any CPU
		{ECBE08FB-F403-4BF8-990D-AC5E373E669F}.Ad-Hoc|iPhone.Deploy.0 = Release|Any CPU
		{ECBE08FB-F403-4BF8-990D-AC5E373E669F}.Ad-Hoc|iPhoneSimulator.ActiveCfg = Release|Any CPU
		{ECBE08FB-F403-4BF8-990D-AC5E373E669F}.Ad-Hoc|iPhoneSimulator.Build.0 = Release|Any CPU
		{ECBE08FB-F403-4BF8-990D-AC5E373E669F}.Ad-Hoc|iPhoneSimulator.Deploy.0 = Release|Any CPU
		{ECBE08FB-F403-4BF8-990D-AC5E373E669F}.Ad-Hoc|x64.ActiveCfg = Release|Any CPU
		{ECBE08FB-F403-4BF8-990D-AC5E373E669F}.Ad-Hoc|x64.Build.0 = Release|Any CPU
		{ECBE08FB-F403-4BF8-990D-AC5E373E669F}.Ad-Hoc|x64.Deploy.0 = Release|Any CPU
		{ECBE08FB-F403-4BF8-990D-AC5E373E669F}.Ad-Hoc|x86.ActiveCfg = Release|Any CPU
		{ECBE08FB-F403-4BF8-990D-AC5E373E669F}.Ad-Hoc|x86.Build.0 = Release|Any CPU
		{ECBE08FB-F403-4BF8-990D-AC5E373E669F}.Ad-Hoc|x86.Deploy.0 = Release|Any CPU
		{ECBE08FB-F403-4BF8-990D-AC5E373E669F}.AppStore|Any CPU.ActiveCfg = Release|Any CPU
		{ECBE08FB-F403-4BF8-990D-AC5E373E669F}.AppStore|Any CPU.Build.0 = Release|Any CPU
		{ECBE08FB-F403-4BF8-990D-AC5E373E669F}.AppStore|Any CPU.Deploy.0 = Release|Any CPU
		{ECBE08FB-F403-4BF8-990D-AC5E373E669F}.AppStore|ARM.ActiveCfg = Release|Any CPU
		{ECBE08FB-F403-4BF8-990D-AC5E373E669F}.AppStore|ARM.Build.0 = Release|Any CPU
		{ECBE08FB-F403-4BF8-990D-AC5E373E669F}.AppStore|ARM.Deploy.0 = Release|Any CPU
		{ECBE08FB-F403-4BF8-990D-AC5E373E669F}.AppStore|iPhone.ActiveCfg = Release|Any CPU
		{ECBE08FB-F403-4BF8-990D-AC5E373E669F}.AppStore|iPhone.Build.0 = Release|Any CPU
		{ECBE08FB-F403-4BF8-990D-AC5E373E669F}.AppStore|iPhone.Deploy.0 = Release|Any CPU
		{ECBE08FB-F403-4BF8-990D-AC5E373E669F}.AppStore|iPhoneSimulator.ActiveCfg = Release|Any CPU
		{ECBE08FB-F403-4BF8-990D-AC5E373E669F}.AppStore|iPhoneSimulator.Build.0 = Release|Any CPU
		{ECBE08FB-F403-4BF8-990D-AC5E373E669F}.AppStore|iPhoneSimulator.Deploy.0 = Release|Any CPU
		{ECBE08FB-F403-4BF8-990D-AC5E373E669F}.AppStore|x64.ActiveCfg = Release|Any CPU
		{ECBE08FB-F403-4BF8-990D-AC5E373E669F}.AppStore|x64.Build.0 = Release|Any CPU
		{ECBE08FB-F403-4BF8-990D-AC5E373E669F}.AppStore|x64.Deploy.0 = Release|Any CPU
		{ECBE08FB-F403-4BF8-990D-AC5E373E669F}.AppStore|x86.ActiveCfg = Release|Any CPU
		{ECBE08FB-F403-4BF8-990D-AC5E373E669F}.AppStore|x86.Build.0 = Release|Any CPU
		{ECBE08FB-F403-4BF8-990D-AC5E373E669F}.AppStore|x86.Deploy.0 = Release|Any CPU
		{ECBE08FB-F403-4BF8-990D-AC5E373E669F}.Debug|Any CPU.ActiveCfg = Debug|Any CPU
		{ECBE08FB-F403-4BF8-990D-AC5E373E669F}.Debug|Any CPU.Build.0 = Debug|Any CPU
		{ECBE08FB-F403-4BF8-990D-AC5E373E669F}.Debug|Any CPU.Deploy.0 = Debug|Any CPU
		{ECBE08FB-F403-4BF8-990D-AC5E373E669F}.Debug|ARM.ActiveCfg = Debug|Any CPU
		{ECBE08FB-F403-4BF8-990D-AC5E373E669F}.Debug|ARM.Build.0 = Debug|Any CPU
		{ECBE08FB-F403-4BF8-990D-AC5E373E669F}.Debug|ARM.Deploy.0 = Debug|Any CPU
		{ECBE08FB-F403-4BF8-990D-AC5E373E669F}.Debug|iPhone.ActiveCfg = Debug|Any CPU
		{ECBE08FB-F403-4BF8-990D-AC5E373E669F}.Debug|iPhone.Build.0 = Debug|Any CPU
		{ECBE08FB-F403-4BF8-990D-AC5E373E669F}.Debug|iPhone.Deploy.0 = Debug|Any CPU
		{ECBE08FB-F403-4BF8-990D-AC5E373E669F}.Debug|iPhoneSimulator.ActiveCfg = Debug|Any CPU
		{ECBE08FB-F403-4BF8-990D-AC5E373E669F}.Debug|iPhoneSimulator.Build.0 = Debug|Any CPU
		{ECBE08FB-F403-4BF8-990D-AC5E373E669F}.Debug|iPhoneSimulator.Deploy.0 = Debug|Any CPU
		{ECBE08FB-F403-4BF8-990D-AC5E373E669F}.Debug|x64.ActiveCfg = Debug|Any CPU
		{ECBE08FB-F403-4BF8-990D-AC5E373E669F}.Debug|x64.Build.0 = Debug|Any CPU
		{ECBE08FB-F403-4BF8-990D-AC5E373E669F}.Debug|x64.Deploy.0 = Debug|Any CPU
		{ECBE08FB-F403-4BF8-990D-AC5E373E669F}.Debug|x86.ActiveCfg = Debug|Any CPU
		{ECBE08FB-F403-4BF8-990D-AC5E373E669F}.Debug|x86.Build.0 = Debug|Any CPU
		{ECBE08FB-F403-4BF8-990D-AC5E373E669F}.Debug|x86.Deploy.0 = Debug|Any CPU
		{ECBE08FB-F403-4BF8-990D-AC5E373E669F}.Release|Any CPU.ActiveCfg = Release|Any CPU
		{ECBE08FB-F403-4BF8-990D-AC5E373E669F}.Release|Any CPU.Build.0 = Release|Any CPU
		{ECBE08FB-F403-4BF8-990D-AC5E373E669F}.Release|Any CPU.Deploy.0 = Release|Any CPU
		{ECBE08FB-F403-4BF8-990D-AC5E373E669F}.Release|ARM.ActiveCfg = Release|Any CPU
		{ECBE08FB-F403-4BF8-990D-AC5E373E669F}.Release|ARM.Build.0 = Release|Any CPU
		{ECBE08FB-F403-4BF8-990D-AC5E373E669F}.Release|ARM.Deploy.0 = Release|Any CPU
		{ECBE08FB-F403-4BF8-990D-AC5E373E669F}.Release|iPhone.ActiveCfg = Release|Any CPU
		{ECBE08FB-F403-4BF8-990D-AC5E373E669F}.Release|iPhone.Build.0 = Release|Any CPU
		{ECBE08FB-F403-4BF8-990D-AC5E373E669F}.Release|iPhone.Deploy.0 = Release|Any CPU
		{ECBE08FB-F403-4BF8-990D-AC5E373E669F}.Release|iPhoneSimulator.ActiveCfg = Release|Any CPU
		{ECBE08FB-F403-4BF8-990D-AC5E373E669F}.Release|iPhoneSimulator.Build.0 = Release|Any CPU
		{ECBE08FB-F403-4BF8-990D-AC5E373E669F}.Release|iPhoneSimulator.Deploy.0 = Release|Any CPU
		{ECBE08FB-F403-4BF8-990D-AC5E373E669F}.Release|x64.ActiveCfg = Release|Any CPU
		{ECBE08FB-F403-4BF8-990D-AC5E373E669F}.Release|x64.Build.0 = Release|Any CPU
		{ECBE08FB-F403-4BF8-990D-AC5E373E669F}.Release|x64.Deploy.0 = Release|Any CPU
		{ECBE08FB-F403-4BF8-990D-AC5E373E669F}.Release|x86.ActiveCfg = Release|Any CPU
		{ECBE08FB-F403-4BF8-990D-AC5E373E669F}.Release|x86.Build.0 = Release|Any CPU
		{ECBE08FB-F403-4BF8-990D-AC5E373E669F}.Release|x86.Deploy.0 = Release|Any CPU
		{DAFEB7CF-E03D-47BE-93E8-6004770D7E84}.Ad-Hoc|Any CPU.ActiveCfg = Release|Any CPU
		{DAFEB7CF-E03D-47BE-93E8-6004770D7E84}.Ad-Hoc|Any CPU.Build.0 = Release|Any CPU
		{DAFEB7CF-E03D-47BE-93E8-6004770D7E84}.Ad-Hoc|Any CPU.Deploy.0 = Release|Any CPU
		{DAFEB7CF-E03D-47BE-93E8-6004770D7E84}.Ad-Hoc|ARM.ActiveCfg = Release|Any CPU
		{DAFEB7CF-E03D-47BE-93E8-6004770D7E84}.Ad-Hoc|ARM.Build.0 = Release|Any CPU
		{DAFEB7CF-E03D-47BE-93E8-6004770D7E84}.Ad-Hoc|ARM.Deploy.0 = Release|Any CPU
		{DAFEB7CF-E03D-47BE-93E8-6004770D7E84}.Ad-Hoc|iPhone.ActiveCfg = Release|Any CPU
		{DAFEB7CF-E03D-47BE-93E8-6004770D7E84}.Ad-Hoc|iPhone.Build.0 = Release|Any CPU
		{DAFEB7CF-E03D-47BE-93E8-6004770D7E84}.Ad-Hoc|iPhone.Deploy.0 = Release|Any CPU
		{DAFEB7CF-E03D-47BE-93E8-6004770D7E84}.Ad-Hoc|iPhoneSimulator.ActiveCfg = Release|Any CPU
		{DAFEB7CF-E03D-47BE-93E8-6004770D7E84}.Ad-Hoc|iPhoneSimulator.Build.0 = Release|Any CPU
		{DAFEB7CF-E03D-47BE-93E8-6004770D7E84}.Ad-Hoc|iPhoneSimulator.Deploy.0 = Release|Any CPU
		{DAFEB7CF-E03D-47BE-93E8-6004770D7E84}.Ad-Hoc|x64.ActiveCfg = Release|Any CPU
		{DAFEB7CF-E03D-47BE-93E8-6004770D7E84}.Ad-Hoc|x64.Build.0 = Release|Any CPU
		{DAFEB7CF-E03D-47BE-93E8-6004770D7E84}.Ad-Hoc|x64.Deploy.0 = Release|Any CPU
		{DAFEB7CF-E03D-47BE-93E8-6004770D7E84}.Ad-Hoc|x86.ActiveCfg = Release|Any CPU
		{DAFEB7CF-E03D-47BE-93E8-6004770D7E84}.Ad-Hoc|x86.Build.0 = Release|Any CPU
		{DAFEB7CF-E03D-47BE-93E8-6004770D7E84}.Ad-Hoc|x86.Deploy.0 = Release|Any CPU
		{DAFEB7CF-E03D-47BE-93E8-6004770D7E84}.AppStore|Any CPU.ActiveCfg = Release|Any CPU
		{DAFEB7CF-E03D-47BE-93E8-6004770D7E84}.AppStore|Any CPU.Build.0 = Release|Any CPU
		{DAFEB7CF-E03D-47BE-93E8-6004770D7E84}.AppStore|Any CPU.Deploy.0 = Release|Any CPU
		{DAFEB7CF-E03D-47BE-93E8-6004770D7E84}.AppStore|ARM.ActiveCfg = Release|Any CPU
		{DAFEB7CF-E03D-47BE-93E8-6004770D7E84}.AppStore|ARM.Build.0 = Release|Any CPU
		{DAFEB7CF-E03D-47BE-93E8-6004770D7E84}.AppStore|ARM.Deploy.0 = Release|Any CPU
		{DAFEB7CF-E03D-47BE-93E8-6004770D7E84}.AppStore|iPhone.ActiveCfg = Release|Any CPU
		{DAFEB7CF-E03D-47BE-93E8-6004770D7E84}.AppStore|iPhone.Build.0 = Release|Any CPU
		{DAFEB7CF-E03D-47BE-93E8-6004770D7E84}.AppStore|iPhone.Deploy.0 = Release|Any CPU
		{DAFEB7CF-E03D-47BE-93E8-6004770D7E84}.AppStore|iPhoneSimulator.ActiveCfg = Release|Any CPU
		{DAFEB7CF-E03D-47BE-93E8-6004770D7E84}.AppStore|iPhoneSimulator.Build.0 = Release|Any CPU
		{DAFEB7CF-E03D-47BE-93E8-6004770D7E84}.AppStore|iPhoneSimulator.Deploy.0 = Release|Any CPU
		{DAFEB7CF-E03D-47BE-93E8-6004770D7E84}.AppStore|x64.ActiveCfg = Release|Any CPU
		{DAFEB7CF-E03D-47BE-93E8-6004770D7E84}.AppStore|x64.Build.0 = Release|Any CPU
		{DAFEB7CF-E03D-47BE-93E8-6004770D7E84}.AppStore|x64.Deploy.0 = Release|Any CPU
		{DAFEB7CF-E03D-47BE-93E8-6004770D7E84}.AppStore|x86.ActiveCfg = Release|Any CPU
		{DAFEB7CF-E03D-47BE-93E8-6004770D7E84}.AppStore|x86.Build.0 = Release|Any CPU
		{DAFEB7CF-E03D-47BE-93E8-6004770D7E84}.AppStore|x86.Deploy.0 = Release|Any CPU
		{DAFEB7CF-E03D-47BE-93E8-6004770D7E84}.Debug|Any CPU.ActiveCfg = Debug|Any CPU
		{DAFEB7CF-E03D-47BE-93E8-6004770D7E84}.Debug|Any CPU.Build.0 = Debug|Any CPU
		{DAFEB7CF-E03D-47BE-93E8-6004770D7E84}.Debug|Any CPU.Deploy.0 = Debug|Any CPU
		{DAFEB7CF-E03D-47BE-93E8-6004770D7E84}.Debug|ARM.ActiveCfg = Debug|Any CPU
		{DAFEB7CF-E03D-47BE-93E8-6004770D7E84}.Debug|ARM.Build.0 = Debug|Any CPU
		{DAFEB7CF-E03D-47BE-93E8-6004770D7E84}.Debug|ARM.Deploy.0 = Debug|Any CPU
		{DAFEB7CF-E03D-47BE-93E8-6004770D7E84}.Debug|iPhone.ActiveCfg = Debug|Any CPU
		{DAFEB7CF-E03D-47BE-93E8-6004770D7E84}.Debug|iPhone.Build.0 = Debug|Any CPU
		{DAFEB7CF-E03D-47BE-93E8-6004770D7E84}.Debug|iPhone.Deploy.0 = Debug|Any CPU
		{DAFEB7CF-E03D-47BE-93E8-6004770D7E84}.Debug|iPhoneSimulator.ActiveCfg = Debug|Any CPU
		{DAFEB7CF-E03D-47BE-93E8-6004770D7E84}.Debug|iPhoneSimulator.Build.0 = Debug|Any CPU
		{DAFEB7CF-E03D-47BE-93E8-6004770D7E84}.Debug|iPhoneSimulator.Deploy.0 = Debug|Any CPU
		{DAFEB7CF-E03D-47BE-93E8-6004770D7E84}.Debug|x64.ActiveCfg = Debug|Any CPU
		{DAFEB7CF-E03D-47BE-93E8-6004770D7E84}.Debug|x64.Build.0 = Debug|Any CPU
		{DAFEB7CF-E03D-47BE-93E8-6004770D7E84}.Debug|x64.Deploy.0 = Debug|Any CPU
		{DAFEB7CF-E03D-47BE-93E8-6004770D7E84}.Debug|x86.ActiveCfg = Debug|Any CPU
		{DAFEB7CF-E03D-47BE-93E8-6004770D7E84}.Debug|x86.Build.0 = Debug|Any CPU
		{DAFEB7CF-E03D-47BE-93E8-6004770D7E84}.Debug|x86.Deploy.0 = Debug|Any CPU
		{DAFEB7CF-E03D-47BE-93E8-6004770D7E84}.Release|Any CPU.ActiveCfg = Release|Any CPU
		{DAFEB7CF-E03D-47BE-93E8-6004770D7E84}.Release|Any CPU.Build.0 = Release|Any CPU
		{DAFEB7CF-E03D-47BE-93E8-6004770D7E84}.Release|Any CPU.Deploy.0 = Release|Any CPU
		{DAFEB7CF-E03D-47BE-93E8-6004770D7E84}.Release|ARM.ActiveCfg = Release|Any CPU
		{DAFEB7CF-E03D-47BE-93E8-6004770D7E84}.Release|ARM.Build.0 = Release|Any CPU
		{DAFEB7CF-E03D-47BE-93E8-6004770D7E84}.Release|ARM.Deploy.0 = Release|Any CPU
		{DAFEB7CF-E03D-47BE-93E8-6004770D7E84}.Release|iPhone.ActiveCfg = Release|Any CPU
		{DAFEB7CF-E03D-47BE-93E8-6004770D7E84}.Release|iPhone.Build.0 = Release|Any CPU
		{DAFEB7CF-E03D-47BE-93E8-6004770D7E84}.Release|iPhone.Deploy.0 = Release|Any CPU
		{DAFEB7CF-E03D-47BE-93E8-6004770D7E84}.Release|iPhoneSimulator.ActiveCfg = Release|Any CPU
		{DAFEB7CF-E03D-47BE-93E8-6004770D7E84}.Release|iPhoneSimulator.Build.0 = Release|Any CPU
		{DAFEB7CF-E03D-47BE-93E8-6004770D7E84}.Release|iPhoneSimulator.Deploy.0 = Release|Any CPU
		{DAFEB7CF-E03D-47BE-93E8-6004770D7E84}.Release|x64.ActiveCfg = Release|Any CPU
		{DAFEB7CF-E03D-47BE-93E8-6004770D7E84}.Release|x64.Build.0 = Release|Any CPU
		{DAFEB7CF-E03D-47BE-93E8-6004770D7E84}.Release|x64.Deploy.0 = Release|Any CPU
		{DAFEB7CF-E03D-47BE-93E8-6004770D7E84}.Release|x86.ActiveCfg = Release|Any CPU
		{DAFEB7CF-E03D-47BE-93E8-6004770D7E84}.Release|x86.Build.0 = Release|Any CPU
		{DAFEB7CF-E03D-47BE-93E8-6004770D7E84}.Release|x86.Deploy.0 = Release|Any CPU
		{3DAF9975-B166-49F2-9DC2-238599FF863D}.Ad-Hoc|Any CPU.ActiveCfg = Ad-Hoc|iPhone
		{3DAF9975-B166-49F2-9DC2-238599FF863D}.Ad-Hoc|Any CPU.Build.0 = Ad-Hoc|iPhone
		{3DAF9975-B166-49F2-9DC2-238599FF863D}.Ad-Hoc|Any CPU.Deploy.0 = Ad-Hoc|iPhone
		{3DAF9975-B166-49F2-9DC2-238599FF863D}.Ad-Hoc|ARM.ActiveCfg = Ad-Hoc|iPhone
		{3DAF9975-B166-49F2-9DC2-238599FF863D}.Ad-Hoc|ARM.Build.0 = Ad-Hoc|iPhone
		{3DAF9975-B166-49F2-9DC2-238599FF863D}.Ad-Hoc|ARM.Deploy.0 = Ad-Hoc|iPhone
		{3DAF9975-B166-49F2-9DC2-238599FF863D}.Ad-Hoc|iPhone.ActiveCfg = Ad-Hoc|iPhone
		{3DAF9975-B166-49F2-9DC2-238599FF863D}.Ad-Hoc|iPhone.Build.0 = Ad-Hoc|iPhone
		{3DAF9975-B166-49F2-9DC2-238599FF863D}.Ad-Hoc|iPhone.Deploy.0 = Ad-Hoc|iPhone
		{3DAF9975-B166-49F2-9DC2-238599FF863D}.Ad-Hoc|iPhoneSimulator.ActiveCfg = Ad-Hoc|iPhoneSimulator
		{3DAF9975-B166-49F2-9DC2-238599FF863D}.Ad-Hoc|iPhoneSimulator.Build.0 = Ad-Hoc|iPhoneSimulator
		{3DAF9975-B166-49F2-9DC2-238599FF863D}.Ad-Hoc|iPhoneSimulator.Deploy.0 = Ad-Hoc|iPhoneSimulator
		{3DAF9975-B166-49F2-9DC2-238599FF863D}.Ad-Hoc|x64.ActiveCfg = Ad-Hoc|iPhone
		{3DAF9975-B166-49F2-9DC2-238599FF863D}.Ad-Hoc|x64.Build.0 = Ad-Hoc|iPhone
		{3DAF9975-B166-49F2-9DC2-238599FF863D}.Ad-Hoc|x64.Deploy.0 = Ad-Hoc|iPhone
		{3DAF9975-B166-49F2-9DC2-238599FF863D}.Ad-Hoc|x86.ActiveCfg = Ad-Hoc|iPhone
		{3DAF9975-B166-49F2-9DC2-238599FF863D}.Ad-Hoc|x86.Build.0 = Ad-Hoc|iPhone
		{3DAF9975-B166-49F2-9DC2-238599FF863D}.Ad-Hoc|x86.Deploy.0 = Ad-Hoc|iPhone
		{3DAF9975-B166-49F2-9DC2-238599FF863D}.AppStore|Any CPU.ActiveCfg = AppStore|iPhone
		{3DAF9975-B166-49F2-9DC2-238599FF863D}.AppStore|Any CPU.Build.0 = AppStore|iPhone
		{3DAF9975-B166-49F2-9DC2-238599FF863D}.AppStore|Any CPU.Deploy.0 = AppStore|iPhone
		{3DAF9975-B166-49F2-9DC2-238599FF863D}.AppStore|ARM.ActiveCfg = AppStore|iPhone
		{3DAF9975-B166-49F2-9DC2-238599FF863D}.AppStore|ARM.Build.0 = AppStore|iPhone
		{3DAF9975-B166-49F2-9DC2-238599FF863D}.AppStore|ARM.Deploy.0 = AppStore|iPhone
		{3DAF9975-B166-49F2-9DC2-238599FF863D}.AppStore|iPhone.ActiveCfg = AppStore|iPhone
		{3DAF9975-B166-49F2-9DC2-238599FF863D}.AppStore|iPhone.Build.0 = AppStore|iPhone
		{3DAF9975-B166-49F2-9DC2-238599FF863D}.AppStore|iPhone.Deploy.0 = AppStore|iPhone
		{3DAF9975-B166-49F2-9DC2-238599FF863D}.AppStore|iPhoneSimulator.ActiveCfg = AppStore|iPhoneSimulator
		{3DAF9975-B166-49F2-9DC2-238599FF863D}.AppStore|iPhoneSimulator.Build.0 = AppStore|iPhoneSimulator
		{3DAF9975-B166-49F2-9DC2-238599FF863D}.AppStore|iPhoneSimulator.Deploy.0 = AppStore|iPhoneSimulator
		{3DAF9975-B166-49F2-9DC2-238599FF863D}.AppStore|x64.ActiveCfg = AppStore|iPhone
		{3DAF9975-B166-49F2-9DC2-238599FF863D}.AppStore|x64.Build.0 = AppStore|iPhone
		{3DAF9975-B166-49F2-9DC2-238599FF863D}.AppStore|x64.Deploy.0 = AppStore|iPhone
		{3DAF9975-B166-49F2-9DC2-238599FF863D}.AppStore|x86.ActiveCfg = AppStore|iPhone
		{3DAF9975-B166-49F2-9DC2-238599FF863D}.AppStore|x86.Build.0 = AppStore|iPhone
		{3DAF9975-B166-49F2-9DC2-238599FF863D}.AppStore|x86.Deploy.0 = AppStore|iPhone
		{3DAF9975-B166-49F2-9DC2-238599FF863D}.Debug|Any CPU.ActiveCfg = Debug|iPhoneSimulator
		{3DAF9975-B166-49F2-9DC2-238599FF863D}.Debug|Any CPU.Build.0 = Debug|iPhoneSimulator
		{3DAF9975-B166-49F2-9DC2-238599FF863D}.Debug|Any CPU.Deploy.0 = Debug|iPhoneSimulator
		{3DAF9975-B166-49F2-9DC2-238599FF863D}.Debug|ARM.ActiveCfg = Debug|iPhone
		{3DAF9975-B166-49F2-9DC2-238599FF863D}.Debug|ARM.Build.0 = Debug|iPhone
		{3DAF9975-B166-49F2-9DC2-238599FF863D}.Debug|ARM.Deploy.0 = Debug|iPhone
		{3DAF9975-B166-49F2-9DC2-238599FF863D}.Debug|iPhone.ActiveCfg = Debug|iPhone
		{3DAF9975-B166-49F2-9DC2-238599FF863D}.Debug|iPhone.Build.0 = Debug|iPhone
		{3DAF9975-B166-49F2-9DC2-238599FF863D}.Debug|iPhone.Deploy.0 = Debug|iPhone
		{3DAF9975-B166-49F2-9DC2-238599FF863D}.Debug|iPhoneSimulator.ActiveCfg = Debug|iPhoneSimulator
		{3DAF9975-B166-49F2-9DC2-238599FF863D}.Debug|iPhoneSimulator.Build.0 = Debug|iPhoneSimulator
		{3DAF9975-B166-49F2-9DC2-238599FF863D}.Debug|iPhoneSimulator.Deploy.0 = Debug|iPhoneSimulator
		{3DAF9975-B166-49F2-9DC2-238599FF863D}.Debug|x64.ActiveCfg = Debug|iPhone
		{3DAF9975-B166-49F2-9DC2-238599FF863D}.Debug|x64.Build.0 = Debug|iPhone
		{3DAF9975-B166-49F2-9DC2-238599FF863D}.Debug|x64.Deploy.0 = Debug|iPhone
		{3DAF9975-B166-49F2-9DC2-238599FF863D}.Debug|x86.ActiveCfg = Debug|iPhone
		{3DAF9975-B166-49F2-9DC2-238599FF863D}.Debug|x86.Build.0 = Debug|iPhone
		{3DAF9975-B166-49F2-9DC2-238599FF863D}.Debug|x86.Deploy.0 = Debug|iPhone
		{3DAF9975-B166-49F2-9DC2-238599FF863D}.Release|Any CPU.ActiveCfg = Release|iPhone
		{3DAF9975-B166-49F2-9DC2-238599FF863D}.Release|Any CPU.Build.0 = Release|iPhone
		{3DAF9975-B166-49F2-9DC2-238599FF863D}.Release|Any CPU.Deploy.0 = Release|iPhone
		{3DAF9975-B166-49F2-9DC2-238599FF863D}.Release|ARM.ActiveCfg = Release|iPhone
		{3DAF9975-B166-49F2-9DC2-238599FF863D}.Release|ARM.Build.0 = Release|iPhone
		{3DAF9975-B166-49F2-9DC2-238599FF863D}.Release|ARM.Deploy.0 = Release|iPhone
		{3DAF9975-B166-49F2-9DC2-238599FF863D}.Release|iPhone.ActiveCfg = Release|iPhone
		{3DAF9975-B166-49F2-9DC2-238599FF863D}.Release|iPhone.Build.0 = Release|iPhone
		{3DAF9975-B166-49F2-9DC2-238599FF863D}.Release|iPhone.Deploy.0 = Release|iPhone
		{3DAF9975-B166-49F2-9DC2-238599FF863D}.Release|iPhoneSimulator.ActiveCfg = Release|iPhoneSimulator
		{3DAF9975-B166-49F2-9DC2-238599FF863D}.Release|iPhoneSimulator.Build.0 = Release|iPhoneSimulator
		{3DAF9975-B166-49F2-9DC2-238599FF863D}.Release|iPhoneSimulator.Deploy.0 = Release|iPhoneSimulator
		{3DAF9975-B166-49F2-9DC2-238599FF863D}.Release|x64.ActiveCfg = Release|iPhone
		{3DAF9975-B166-49F2-9DC2-238599FF863D}.Release|x64.Build.0 = Release|iPhone
		{3DAF9975-B166-49F2-9DC2-238599FF863D}.Release|x64.Deploy.0 = Release|iPhone
		{3DAF9975-B166-49F2-9DC2-238599FF863D}.Release|x86.ActiveCfg = Release|iPhone
		{3DAF9975-B166-49F2-9DC2-238599FF863D}.Release|x86.Build.0 = Release|iPhone
		{3DAF9975-B166-49F2-9DC2-238599FF863D}.Release|x86.Deploy.0 = Release|iPhone
	EndGlobalSection
	GlobalSection(SolutionProperties) = preSolution
		HideSolutionNode = FALSE
	EndGlobalSection
EndGlobal
